
Microsoft Visual Studio Solution File, Format Version 12.00
# Visual Studio Version 17
VisualStudioVersion = 17.14.36429.23
MinimumVisualStudioVersion = 10.0.40219.1
Project("{FAE04EC0-301F-11D3-BF4B-00C04F79EFBC}") = "DrSasuMcp.Common", "DrSasuMcp.Common\DrSasuMcp.Common.csproj", "{C1D2E3F4-5678-90AB-CDEF-123456789012}"
EndProject
Project("{FAE04EC0-301F-11D3-BF4B-00C04F79EFBC}") = "DrSasuMcp.Tests", "DrSasuMcp.Tests\DrSasuMcp.Tests.csproj", "{B7C8E9F1-2345-6789-ABCD-123456789ABC}"
EndProject
Project("{FAE04EC0-301F-11D3-BF4B-00C04F79EFBC}") = "DrSasuMcp.MongoDB", "DrSasuMcp.MongoDB\DrSasuMcp.MongoDB.csproj", "{4382BC2D-B29C-65C3-57A0-3A1A13DEEC5F}"
EndProject
Project("{FAE04EC0-301F-11D3-BF4B-00C04F79EFBC}") = "DrSasuMcp.SQL", "DrSasuMcp.SQL\DrSasuMcp.SQL.csproj", "{41303F63-1A6F-E46F-4012-4389AB0E6C04}"
EndProject
Project("{FAE04EC0-301F-11D3-BF4B-00C04F79EFBC}") = "DrSasuMcp.Tests.MongoDB", "DrSasuMcp.Tests.MongoDB\DrSasuMcp.Tests.MongoDB.csproj", "{B4E95004-A676-8167-77E6-983AAF2934CA}"
EndProject
Project("{FAE04EC0-301F-11D3-BF4B-00C04F79EFBC}") = "DrSasuMcp.Tests.SQL", "DrSasuMcp.Tests.SQL\DrSasuMcp.Tests.SQL.csproj", "{ECB104EF-DD4E-87EA-BBDC-E3A7AF339944}"
EndProject
Project("{FAE04EC0-301F-11D3-BF4B-00C04F79EFBC}") = "DrSasuMcp.API", "DrSasuMcp.API\DrSasuMcp.API.csproj", "{A1B2C3D4-E5F6-7890-ABCD-EF1234567890}"
EndProject
Project("{FAE04EC0-301F-11D3-BF4B-00C04F79EFBC}") = "DrSasuMcp.Tests.API", "DrSasuMcp.Tests.API\DrSasuMcp.Tests.API.csproj", "{B2C3D4E5-F6A7-8901-BCDE-F12345678901}"
EndProject
Project("{FAE04EC0-301F-11D3-BF4B-00C04F79EFBC}") = "DrSasuMcp.AzureDevOps", "DrSasuMcp.AzureDevOps\DrSasuMcp.AzureDevOps.csproj", "{C3D4E5F6-A7B8-9012-CDEF-123456789012}"
EndProject
Project("{FAE04EC0-301F-11D3-BF4B-00C04F79EFBC}") = "DrSasuMcp.Tests.AzureDevOps", "DrSasuMcp.Tests.AzureDevOps\DrSasuMcp.Tests.AzureDevOps.csproj", "{D4E5F6A7-B8C9-0123-DEF0-234567890123}"
EndProject
Project("{FAE04EC0-301F-11D3-BF4B-00C04F79EFBC}") = "DrSasuMcp.Datadog", "DrSasuMcp.Datadog\DrSasuMcp.Datadog.csproj", "{E5F6A7B8-C9D0-1234-EF01-345678901234}"
EndProject
Project("{FAE04EC0-301F-11D3-BF4B-00C04F79EFBC}") = "DrSasuMcp.Tests.Datadog", "DrSasuMcp.Tests.Datadog\DrSasuMcp.Tests.Datadog.csproj", "{F6A7B8C9-D0E1-2345-F012-456789012345}"
EndProject
Project("{2150E333-8FDC-42A3-9474-1A3956D46DE8}") = "Tests", "Tests", "{02EA681E-C7D8-13C7-8484-4AC65E1B71E8}"
EndProject
Project("{2150E333-8FDC-42A3-9474-1A3956D46DE8}") = "Tools", "Tools", "{202BBDB7-16EA-4298-907B-3BC0AC28D195}"
EndProject
Project("{FAE04EC0-301F-11D3-BF4B-00C04F79EFBC}") = "DrSasuMcp.Docker", "DrSasuMcp.Docker\DrSasuMcp.Docker.csproj", "{11953A4A-0106-48EB-9F60-8D5D436289AA}"
EndProject
Project("{FAE04EC0-301F-11D3-BF4B-00C04F79EFBC}") = "DrSasuMcp.Tests.Docker", "DrSasuMcp.Tests.Docker\DrSasuMcp.Tests.Docker.csproj", "{688C1260-605F-4495-98DF-512A17654B26}"
EndProject
Global
	GlobalSection(SolutionConfigurationPlatforms) = preSolution
		Debug|Any CPU = Debug|Any CPU
		Debug|x64 = Debug|x64
		Debug|x86 = Debug|x86
		Release|Any CPU = Release|Any CPU
		Release|x64 = Release|x64
		Release|x86 = Release|x86
	EndGlobalSection
	GlobalSection(ProjectConfigurationPlatforms) = postSolution
		{C1D2E3F4-5678-90AB-CDEF-123456789012}.Debug|Any CPU.ActiveCfg = Debug|Any CPU
		{C1D2E3F4-5678-90AB-CDEF-123456789012}.Debug|Any CPU.Build.0 = Debug|Any CPU
		{C1D2E3F4-5678-90AB-CDEF-123456789012}.Debug|x64.ActiveCfg = Debug|Any CPU
		{C1D2E3F4-5678-90AB-CDEF-123456789012}.Debug|x64.Build.0 = Debug|Any CPU
		{C1D2E3F4-5678-90AB-CDEF-123456789012}.Debug|x86.ActiveCfg = Debug|Any CPU
		{C1D2E3F4-5678-90AB-CDEF-123456789012}.Debug|x86.Build.0 = Debug|Any CPU
		{C1D2E3F4-5678-90AB-CDEF-123456789012}.Release|Any CPU.ActiveCfg = Release|Any CPU
		{C1D2E3F4-5678-90AB-CDEF-123456789012}.Release|Any CPU.Build.0 = Release|Any CPU
		{C1D2E3F4-5678-90AB-CDEF-123456789012}.Release|x64.ActiveCfg = Release|Any CPU
		{C1D2E3F4-5678-90AB-CDEF-123456789012}.Release|x64.Build.0 = Release|Any CPU
		{C1D2E3F4-5678-90AB-CDEF-123456789012}.Release|x86.ActiveCfg = Release|Any CPU
		{C1D2E3F4-5678-90AB-CDEF-123456789012}.Release|x86.Build.0 = Release|Any CPU
		{B7C8E9F1-2345-6789-ABCD-123456789ABC}.Debug|Any CPU.ActiveCfg = Debug|Any CPU
		{B7C8E9F1-2345-6789-ABCD-123456789ABC}.Debug|Any CPU.Build.0 = Debug|Any CPU
		{B7C8E9F1-2345-6789-ABCD-123456789ABC}.Debug|x64.ActiveCfg = Debug|Any CPU
		{B7C8E9F1-2345-6789-ABCD-123456789ABC}.Debug|x64.Build.0 = Debug|Any CPU
		{B7C8E9F1-2345-6789-ABCD-123456789ABC}.Debug|x86.ActiveCfg = Debug|Any CPU
		{B7C8E9F1-2345-6789-ABCD-123456789ABC}.Debug|x86.Build.0 = Debug|Any CPU
		{B7C8E9F1-2345-6789-ABCD-123456789ABC}.Release|Any CPU.ActiveCfg = Release|Any CPU
		{B7C8E9F1-2345-6789-ABCD-123456789ABC}.Release|Any CPU.Build.0 = Release|Any CPU
		{B7C8E9F1-2345-6789-ABCD-123456789ABC}.Release|x64.ActiveCfg = Release|Any CPU
		{B7C8E9F1-2345-6789-ABCD-123456789ABC}.Release|x64.Build.0 = Release|Any CPU
		{B7C8E9F1-2345-6789-ABCD-123456789ABC}.Release|x86.ActiveCfg = Release|Any CPU
		{B7C8E9F1-2345-6789-ABCD-123456789ABC}.Release|x86.Build.0 = Release|Any CPU
		{4382BC2D-B29C-65C3-57A0-3A1A13DEEC5F}.Debug|Any CPU.ActiveCfg = Debug|Any CPU
		{4382BC2D-B29C-65C3-57A0-3A1A13DEEC5F}.Debug|Any CPU.Build.0 = Debug|Any CPU
		{4382BC2D-B29C-65C3-57A0-3A1A13DEEC5F}.Debug|x64.ActiveCfg = Debug|Any CPU
		{4382BC2D-B29C-65C3-57A0-3A1A13DEEC5F}.Debug|x64.Build.0 = Debug|Any CPU
		{4382BC2D-B29C-65C3-57A0-3A1A13DEEC5F}.Debug|x86.ActiveCfg = Debug|Any CPU
		{4382BC2D-B29C-65C3-57A0-3A1A13DEEC5F}.Debug|x86.Build.0 = Debug|Any CPU
		{4382BC2D-B29C-65C3-57A0-3A1A13DEEC5F}.Release|Any CPU.ActiveCfg = Release|Any CPU
		{4382BC2D-B29C-65C3-57A0-3A1A13DEEC5F}.Release|Any CPU.Build.0 = Release|Any CPU
		{4382BC2D-B29C-65C3-57A0-3A1A13DEEC5F}.Release|x64.ActiveCfg = Release|Any CPU
		{4382BC2D-B29C-65C3-57A0-3A1A13DEEC5F}.Release|x64.Build.0 = Release|Any CPU
		{4382BC2D-B29C-65C3-57A0-3A1A13DEEC5F}.Release|x86.ActiveCfg = Release|Any CPU
		{4382BC2D-B29C-65C3-57A0-3A1A13DEEC5F}.Release|x86.Build.0 = Release|Any CPU
		{41303F63-1A6F-E46F-4012-4389AB0E6C04}.Debug|Any CPU.ActiveCfg = Debug|Any CPU
		{41303F63-1A6F-E46F-4012-4389AB0E6C04}.Debug|Any CPU.Build.0 = Debug|Any CPU
		{41303F63-1A6F-E46F-4012-4389AB0E6C04}.Debug|x64.ActiveCfg = Debug|Any CPU
		{41303F63-1A6F-E46F-4012-4389AB0E6C04}.Debug|x64.Build.0 = Debug|Any CPU
		{41303F63-1A6F-E46F-4012-4389AB0E6C04}.Debug|x86.ActiveCfg = Debug|Any CPU
		{41303F63-1A6F-E46F-4012-4389AB0E6C04}.Debug|x86.Build.0 = Debug|Any CPU
		{41303F63-1A6F-E46F-4012-4389AB0E6C04}.Release|Any CPU.ActiveCfg = Release|Any CPU
		{41303F63-1A6F-E46F-4012-4389AB0E6C04}.Release|Any CPU.Build.0 = Release|Any CPU
		{41303F63-1A6F-E46F-4012-4389AB0E6C04}.Release|x64.ActiveCfg = Release|Any CPU
		{41303F63-1A6F-E46F-4012-4389AB0E6C04}.Release|x64.Build.0 = Release|Any CPU
		{41303F63-1A6F-E46F-4012-4389AB0E6C04}.Release|x86.ActiveCfg = Release|Any CPU
		{41303F63-1A6F-E46F-4012-4389AB0E6C04}.Release|x86.Build.0 = Release|Any CPU
		{B4E95004-A676-8167-77E6-983AAF2934CA}.Debug|Any CPU.ActiveCfg = Debug|Any CPU
		{B4E95004-A676-8167-77E6-983AAF2934CA}.Debug|Any CPU.Build.0 = Debug|Any CPU
		{B4E95004-A676-8167-77E6-983AAF2934CA}.Debug|x64.ActiveCfg = Debug|Any CPU
		{B4E95004-A676-8167-77E6-983AAF2934CA}.Debug|x64.Build.0 = Debug|Any CPU
		{B4E95004-A676-8167-77E6-983AAF2934CA}.Debug|x86.ActiveCfg = Debug|Any CPU
		{B4E95004-A676-8167-77E6-983AAF2934CA}.Debug|x86.Build.0 = Debug|Any CPU
		{B4E95004-A676-8167-77E6-983AAF2934CA}.Release|Any CPU.ActiveCfg = Release|Any CPU
		{B4E95004-A676-8167-77E6-983AAF2934CA}.Release|Any CPU.Build.0 = Release|Any CPU
		{B4E95004-A676-8167-77E6-983AAF2934CA}.Release|x64.ActiveCfg = Release|Any CPU
		{B4E95004-A676-8167-77E6-983AAF2934CA}.Release|x64.Build.0 = Release|Any CPU
		{B4E95004-A676-8167-77E6-983AAF2934CA}.Release|x86.ActiveCfg = Release|Any CPU
		{B4E95004-A676-8167-77E6-983AAF2934CA}.Release|x86.Build.0 = Release|Any CPU
		{ECB104EF-DD4E-87EA-BBDC-E3A7AF339944}.Debug|Any CPU.ActiveCfg = Debug|Any CPU
		{ECB104EF-DD4E-87EA-BBDC-E3A7AF339944}.Debug|Any CPU.Build.0 = Debug|Any CPU
		{ECB104EF-DD4E-87EA-BBDC-E3A7AF339944}.Debug|x64.ActiveCfg = Debug|Any CPU
		{ECB104EF-DD4E-87EA-BBDC-E3A7AF339944}.Debug|x64.Build.0 = Debug|Any CPU
		{ECB104EF-DD4E-87EA-BBDC-E3A7AF339944}.Debug|x86.ActiveCfg = Debug|Any CPU
		{ECB104EF-DD4E-87EA-BBDC-E3A7AF339944}.Debug|x86.Build.0 = Debug|Any CPU
		{ECB104EF-DD4E-87EA-BBDC-E3A7AF339944}.Release|Any CPU.ActiveCfg = Release|Any CPU
		{ECB104EF-DD4E-87EA-BBDC-E3A7AF339944}.Release|Any CPU.Build.0 = Release|Any CPU
		{ECB104EF-DD4E-87EA-BBDC-E3A7AF339944}.Release|x64.ActiveCfg = Release|Any CPU
		{ECB104EF-DD4E-87EA-BBDC-E3A7AF339944}.Release|x64.Build.0 = Release|Any CPU
		{ECB104EF-DD4E-87EA-BBDC-E3A7AF339944}.Release|x86.ActiveCfg = Release|Any CPU
		{ECB104EF-DD4E-87EA-BBDC-E3A7AF339944}.Release|x86.Build.0 = Release|Any CPU
		{A1B2C3D4-E5F6-7890-ABCD-EF1234567890}.Debug|Any CPU.ActiveCfg = Debug|Any CPU
		{A1B2C3D4-E5F6-7890-ABCD-EF1234567890}.Debug|Any CPU.Build.0 = Debug|Any CPU
		{A1B2C3D4-E5F6-7890-ABCD-EF1234567890}.Debug|x64.ActiveCfg = Debug|Any CPU
		{A1B2C3D4-E5F6-7890-ABCD-EF1234567890}.Debug|x64.Build.0 = Debug|Any CPU
		{A1B2C3D4-E5F6-7890-ABCD-EF1234567890}.Debug|x86.ActiveCfg = Debug|Any CPU
		{A1B2C3D4-E5F6-7890-ABCD-EF1234567890}.Debug|x86.Build.0 = Debug|Any CPU
		{A1B2C3D4-E5F6-7890-ABCD-EF1234567890}.Release|Any CPU.ActiveCfg = Release|Any CPU
		{A1B2C3D4-E5F6-7890-ABCD-EF1234567890}.Release|Any CPU.Build.0 = Release|Any CPU
		{A1B2C3D4-E5F6-7890-ABCD-EF1234567890}.Release|x64.ActiveCfg = Release|Any CPU
		{A1B2C3D4-E5F6-7890-ABCD-EF1234567890}.Release|x64.Build.0 = Release|Any CPU
		{A1B2C3D4-E5F6-7890-ABCD-EF1234567890}.Release|x86.ActiveCfg = Release|Any CPU
		{A1B2C3D4-E5F6-7890-ABCD-EF1234567890}.Release|x86.Build.0 = Release|Any CPU
		{B2C3D4E5-F6A7-8901-BCDE-F12345678901}.Debug|Any CPU.ActiveCfg = Debug|Any CPU
		{B2C3D4E5-F6A7-8901-BCDE-F12345678901}.Debug|Any CPU.Build.0 = Debug|Any CPU
		{B2C3D4E5-F6A7-8901-BCDE-F12345678901}.Debug|x64.ActiveCfg = Debug|Any CPU
		{B2C3D4E5-F6A7-8901-BCDE-F12345678901}.Debug|x64.Build.0 = Debug|Any CPU
		{B2C3D4E5-F6A7-8901-BCDE-F12345678901}.Debug|x86.ActiveCfg = Debug|Any CPU
		{B2C3D4E5-F6A7-8901-BCDE-F12345678901}.Debug|x86.Build.0 = Debug|Any CPU
		{B2C3D4E5-F6A7-8901-BCDE-F12345678901}.Release|Any CPU.ActiveCfg = Release|Any CPU
		{B2C3D4E5-F6A7-8901-BCDE-F12345678901}.Release|Any CPU.Build.0 = Release|Any CPU
		{B2C3D4E5-F6A7-8901-BCDE-F12345678901}.Release|x64.ActiveCfg = Release|Any CPU
		{B2C3D4E5-F6A7-8901-BCDE-F12345678901}.Release|x64.Build.0 = Release|Any CPU
		{B2C3D4E5-F6A7-8901-BCDE-F12345678901}.Release|x86.ActiveCfg = Release|Any CPU
		{B2C3D4E5-F6A7-8901-BCDE-F12345678901}.Release|x86.Build.0 = Release|Any CPU
		{C3D4E5F6-A7B8-9012-CDEF-123456789012}.Debug|Any CPU.ActiveCfg = Debug|Any CPU
		{C3D4E5F6-A7B8-9012-CDEF-123456789012}.Debug|Any CPU.Build.0 = Debug|Any CPU
		{C3D4E5F6-A7B8-9012-CDEF-123456789012}.Debug|x64.ActiveCfg = Debug|Any CPU
		{C3D4E5F6-A7B8-9012-CDEF-123456789012}.Debug|x64.Build.0 = Debug|Any CPU
		{C3D4E5F6-A7B8-9012-CDEF-123456789012}.Debug|x86.ActiveCfg = Debug|Any CPU
		{C3D4E5F6-A7B8-9012-CDEF-123456789012}.Debug|x86.Build.0 = Debug|Any CPU
		{C3D4E5F6-A7B8-9012-CDEF-123456789012}.Release|Any CPU.ActiveCfg = Release|Any CPU
		{C3D4E5F6-A7B8-9012-CDEF-123456789012}.Release|Any CPU.Build.0 = Release|Any CPU
		{C3D4E5F6-A7B8-9012-CDEF-123456789012}.Release|x64.ActiveCfg = Release|Any CPU
		{C3D4E5F6-A7B8-9012-CDEF-123456789012}.Release|x64.Build.0 = Release|Any CPU
		{C3D4E5F6-A7B8-9012-CDEF-123456789012}.Release|x86.ActiveCfg = Release|Any CPU
		{C3D4E5F6-A7B8-9012-CDEF-123456789012}.Release|x86.Build.0 = Release|Any CPU
		{D4E5F6A7-B8C9-0123-DEF0-234567890123}.Debug|Any CPU.ActiveCfg = Debug|Any CPU
		{D4E5F6A7-B8C9-0123-DEF0-234567890123}.Debug|Any CPU.Build.0 = Debug|Any CPU
		{D4E5F6A7-B8C9-0123-DEF0-234567890123}.Debug|x64.ActiveCfg = Debug|Any CPU
		{D4E5F6A7-B8C9-0123-DEF0-234567890123}.Debug|x64.Build.0 = Debug|Any CPU
		{D4E5F6A7-B8C9-0123-DEF0-234567890123}.Debug|x86.ActiveCfg = Debug|Any CPU
		{D4E5F6A7-B8C9-0123-DEF0-234567890123}.Debug|x86.Build.0 = Debug|Any CPU
		{D4E5F6A7-B8C9-0123-DEF0-234567890123}.Release|Any CPU.ActiveCfg = Release|Any CPU
		{D4E5F6A7-B8C9-0123-DEF0-234567890123}.Release|Any CPU.Build.0 = Release|Any CPU
		{D4E5F6A7-B8C9-0123-DEF0-234567890123}.Release|x64.ActiveCfg = Release|Any CPU
		{D4E5F6A7-B8C9-0123-DEF0-234567890123}.Release|x64.Build.0 = Release|Any CPU
		{D4E5F6A7-B8C9-0123-DEF0-234567890123}.Release|x86.ActiveCfg = Release|Any CPU
		{D4E5F6A7-B8C9-0123-DEF0-234567890123}.Release|x86.Build.0 = Release|Any CPU
		{E5F6A7B8-C9D0-1234-EF01-345678901234}.Debug|Any CPU.ActiveCfg = Debug|Any CPU
		{E5F6A7B8-C9D0-1234-EF01-345678901234}.Debug|Any CPU.Build.0 = Debug|Any CPU
		{E5F6A7B8-C9D0-1234-EF01-345678901234}.Debug|x64.ActiveCfg = Debug|Any CPU
		{E5F6A7B8-C9D0-1234-EF01-345678901234}.Debug|x64.Build.0 = Debug|Any CPU
		{E5F6A7B8-C9D0-1234-EF01-345678901234}.Debug|x86.ActiveCfg = Debug|Any CPU
		{E5F6A7B8-C9D0-1234-EF01-345678901234}.Debug|x86.Build.0 = Debug|Any CPU
		{E5F6A7B8-C9D0-1234-EF01-345678901234}.Release|Any CPU.ActiveCfg = Release|Any CPU
		{E5F6A7B8-C9D0-1234-EF01-345678901234}.Release|Any CPU.Build.0 = Release|Any CPU
		{E5F6A7B8-C9D0-1234-EF01-345678901234}.Release|x64.ActiveCfg = Release|Any CPU
		{E5F6A7B8-C9D0-1234-EF01-345678901234}.Release|x64.Build.0 = Release|Any CPU
		{E5F6A7B8-C9D0-1234-EF01-345678901234}.Release|x86.ActiveCfg = Release|Any CPU
		{E5F6A7B8-C9D0-1234-EF01-345678901234}.Release|x86.Build.0 = Release|Any CPU
		{F6A7B8C9-D0E1-2345-F012-456789012345}.Debug|Any CPU.ActiveCfg = Debug|Any CPU
		{F6A7B8C9-D0E1-2345-F012-456789012345}.Debug|Any CPU.Build.0 = Debug|Any CPU
		{F6A7B8C9-D0E1-2345-F012-456789012345}.Debug|x64.ActiveCfg = Debug|Any CPU
		{F6A7B8C9-D0E1-2345-F012-456789012345}.Debug|x64.Build.0 = Debug|Any CPU
		{F6A7B8C9-D0E1-2345-F012-456789012345}.Debug|x86.ActiveCfg = Debug|Any CPU
		{F6A7B8C9-D0E1-2345-F012-456789012345}.Debug|x86.Build.0 = Debug|Any CPU
		{F6A7B8C9-D0E1-2345-F012-456789012345}.Release|Any CPU.ActiveCfg = Release|Any CPU
		{F6A7B8C9-D0E1-2345-F012-456789012345}.Release|Any CPU.Build.0 = Release|Any CPU
		{F6A7B8C9-D0E1-2345-F012-456789012345}.Release|x64.ActiveCfg = Release|Any CPU
		{F6A7B8C9-D0E1-2345-F012-456789012345}.Release|x64.Build.0 = Release|Any CPU
		{F6A7B8C9-D0E1-2345-F012-456789012345}.Release|x86.ActiveCfg = Release|Any CPU
		{F6A7B8C9-D0E1-2345-F012-456789012345}.Release|x86.Build.0 = Release|Any CPU
		{11953A4A-0106-48EB-9F60-8D5D436289AA}.Debug|Any CPU.ActiveCfg = Debug|Any CPU
		{11953A4A-0106-48EB-9F60-8D5D436289AA}.Debug|Any CPU.Build.0 = Debug|Any CPU
		{11953A4A-0106-48EB-9F60-8D5D436289AA}.Debug|x64.ActiveCfg = Debug|Any CPU
		{11953A4A-0106-48EB-9F60-8D5D436289AA}.Debug|x64.Build.0 = Debug|Any CPU
		{11953A4A-0106-48EB-9F60-8D5D436289AA}.Debug|x86.ActiveCfg = Debug|Any CPU
		{11953A4A-0106-48EB-9F60-8D5D436289AA}.Debug|x86.Build.0 = Debug|Any CPU
		{11953A4A-0106-48EB-9F60-8D5D436289AA}.Release|Any CPU.ActiveCfg = Release|Any CPU
		{11953A4A-0106-48EB-9F60-8D5D436289AA}.Release|Any CPU.Build.0 = Release|Any CPU
		{11953A4A-0106-48EB-9F60-8D5D436289AA}.Release|x64.ActiveCfg = Release|Any CPU
		{11953A4A-0106-48EB-9F60-8D5D436289AA}.Release|x64.Build.0 = Release|Any CPU
		{11953A4A-0106-48EB-9F60-8D5D436289AA}.Release|x86.ActiveCfg = Release|Any CPU
		{11953A4A-0106-48EB-9F60-8D5D436289AA}.Release|x86.Build.0 = Release|Any CPU
		{688C1260-605F-4495-98DF-512A17654B26}.Debug|Any CPU.ActiveCfg = Debug|Any CPU
		{688C1260-605F-4495-98DF-512A17654B26}.Debug|Any CPU.Build.0 = Debug|Any CPU
		{688C1260-605F-4495-98DF-512A17654B26}.Debug|x64.ActiveCfg = Debug|Any CPU
		{688C1260-605F-4495-98DF-512A17654B26}.Debug|x64.Build.0 = Debug|Any CPU
		{688C1260-605F-4495-98DF-512A17654B26}.Debug|x86.ActiveCfg = Debug|Any CPU
		{688C1260-605F-4495-98DF-512A17654B26}.Debug|x86.Build.0 = Debug|Any CPU
		{688C1260-605F-4495-98DF-512A17654B26}.Release|Any CPU.ActiveCfg = Release|Any CPU
		{688C1260-605F-4495-98DF-512A17654B26}.Release|Any CPU.Build.0 = Release|Any CPU
		{688C1260-605F-4495-98DF-512A17654B26}.Release|x64.ActiveCfg = Release|Any CPU
		{688C1260-605F-4495-98DF-512A17654B26}.Release|x64.Build.0 = Release|Any CPU
		{688C1260-605F-4495-98DF-512A17654B26}.Release|x86.ActiveCfg = Release|Any CPU
		{688C1260-605F-4495-98DF-512A17654B26}.Release|x86.Build.0 = Release|Any CPU
	EndGlobalSection
	GlobalSection(SolutionProperties) = preSolution
		HideSolutionNode = FALSE
	EndGlobalSection
	GlobalSection(NestedProjects) = preSolution
		{C1D2E3F4-5678-90AB-CDEF-123456789012} = {202BBDB7-16EA-4298-907B-3BC0AC28D195}
		{B7C8E9F1-2345-6789-ABCD-123456789ABC} = {02EA681E-C7D8-13C7-8484-4AC65E1B71E8}
		{4382BC2D-B29C-65C3-57A0-3A1A13DEEC5F} = {202BBDB7-16EA-4298-907B-3BC0AC28D195}
		{41303F63-1A6F-E46F-4012-4389AB0E6C04} = {202BBDB7-16EA-4298-907B-3BC0AC28D195}
		{B4E95004-A676-8167-77E6-983AAF2934CA} = {02EA681E-C7D8-13C7-8484-4AC65E1B71E8}
		{ECB104EF-DD4E-87EA-BBDC-E3A7AF339944} = {02EA681E-C7D8-13C7-8484-4AC65E1B71E8}
		{A1B2C3D4-E5F6-7890-ABCD-EF1234567890} = {202BBDB7-16EA-4298-907B-3BC0AC28D195}
		{B2C3D4E5-F6A7-8901-BCDE-F12345678901} = {02EA681E-C7D8-13C7-8484-4AC65E1B71E8}
		{C3D4E5F6-A7B8-9012-CDEF-123456789012} = {202BBDB7-16EA-4298-907B-3BC0AC28D195}
		{D4E5F6A7-B8C9-0123-DEF0-234567890123} = {02EA681E-C7D8-13C7-8484-4AC65E1B71E8}
		{E5F6A7B8-C9D0-1234-EF01-345678901234} = {202BBDB7-16EA-4298-907B-3BC0AC28D195}
		{F6A7B8C9-D0E1-2345-F012-456789012345} = {02EA681E-C7D8-13C7-8484-4AC65E1B71E8}
		{11953A4A-0106-48EB-9F60-8D5D436289AA} = {202BBDB7-16EA-4298-907B-3BC0AC28D195}
		{688C1260-605F-4495-98DF-512A17654B26} = {02EA681E-C7D8-13C7-8484-4AC65E1B71E8}
	EndGlobalSection
	GlobalSection(ExtensibilityGlobals) = postSolution
		SolutionGuid = {FA48C9F8-0103-4BF2-B613-6F723C09F43F}
	EndGlobalSection
EndGlobal
